
Microsoft Visual Studio Solution File, Format Version 12.00
# Visual Studio Version 17
VisualStudioVersion = 17.13.35825.156 d17.13
MinimumVisualStudioVersion = 10.0.40219.1
Project("{FAE04EC0-301F-11D3-BF4B-00C04F79EFBC}") = "Dynamic _Time-Table_Generator_Mvc", "Dynamic _Time-Table_Generator_Mvc\Dynamic _Time-Table_Generator_Mvc.csproj", "{BD86FF06-9B7F-476D-855B-3C6F7403B50C}"
EndProject
Global
	GlobalSection(SolutionConfigurationPlatforms) = preSolution
		Debug|Any CPU = Debug|Any CPU
		Release|Any CPU = Release|Any CPU
	EndGlobalSection
	GlobalSection(ProjectConfigurationPlatforms) = postSolution
		{BD86FF06-9B7F-476D-855B-3C6F7403B50C}.Debug|Any CPU.ActiveCfg = Debug|Any CPU
		{BD86FF06-9B7F-476D-855B-3C6F7403B50C}.Debug|Any CPU.Build.0 = Debug|Any CPU
		{BD86FF06-9B7F-476D-855B-3C6F7403B50C}.Release|Any CPU.ActiveCfg = Release|Any CPU
		{BD86FF06-9B7F-476D-855B-3C6F7403B50C}.Release|Any CPU.Build.0 = Release|Any CPU
	EndGlobalSection
	GlobalSection(SolutionProperties) = preSolution
		HideSolutionNode = FALSE
	EndGlobalSection
	GlobalSection(ExtensibilityGlobals) = postSolution
		SolutionGuid = {DC848E71-2CBA-4894-A460-66CD291E7C53}
	EndGlobalSection
EndGlobal
